
Microsoft Visual Studio Solution File, Format Version 12.00
# Visual Studio Version 16
VisualStudioVersion = 16.0.30011.22
MinimumVisualStudioVersion = 10.0.40219.1
Project("{9A19103F-16F7-4668-BE54-9A1E7A4F7556}") = "LeetCodes", "LeetCodes\LeetCodes.csproj", "{1F849F2C-A6E1-4AF0-887D-0265AEAD7235}"
EndProject
Project("{FAE04EC0-301F-11D3-BF4B-00C04F79EFBC}") = "LeetCodesUnitTests", "LeetCodesUnitTests\LeetCodesUnitTests.csproj", "{457AE9ED-BC20-4703-9EE9-7300ED57A529}"
EndProject
Global
	GlobalSection(SolutionConfigurationPlatforms) = preSolution
		Debug|Any CPU = Debug|Any CPU
		Release|Any CPU = Release|Any CPU
	EndGlobalSection
	GlobalSection(ProjectConfigurationPlatforms) = postSolution
		{1F849F2C-A6E1-4AF0-887D-0265AEAD7235}.Debug|Any CPU.ActiveCfg = Debug|Any CPU
		{1F849F2C-A6E1-4AF0-887D-0265AEAD7235}.Debug|Any CPU.Build.0 = Debug|Any CPU
		{1F849F2C-A6E1-4AF0-887D-0265AEAD7235}.Release|Any CPU.ActiveCfg = Release|Any CPU
		{1F849F2C-A6E1-4AF0-887D-0265AEAD7235}.Release|Any CPU.Build.0 = Release|Any CPU
		{457AE9ED-BC20-4703-9EE9-7300ED57A529}.Debug|Any CPU.ActiveCfg = Debug|Any CPU
		{457AE9ED-BC20-4703-9EE9-7300ED57A529}.Debug|Any CPU.Build.0 = Debug|Any CPU
		{457AE9ED-BC20-4703-9EE9-7300ED57A529}.Release|Any CPU.ActiveCfg = Release|Any CPU
		{457AE9ED-BC20-4703-9EE9-7300ED57A529}.Release|Any CPU.Build.0 = Release|Any CPU
	EndGlobalSection
	GlobalSection(SolutionProperties) = preSolution
		HideSolutionNode = FALSE
	EndGlobalSection
	GlobalSection(ExtensibilityGlobals) = postSolution
		SolutionGuid = {AC9B5C80-6680-424A-8EA1-5D6BD7E59050}
	EndGlobalSection
EndGlobal
